
Microsoft Visual Studio Solution File, Format Version 12.00
# Visual Studio Version 16
VisualStudioVersion = 16.0.29215.179
MinimumVisualStudioVersion = 10.0.40219.1
Project("{FAE04EC0-301F-11D3-BF4B-00C04F79EFBC}") = "api", "api\api.csproj", "{183ADCEF-3CB4-4AF0-B74F-C4B865465DA6}"
EndProject
Project("{FAE04EC0-301F-11D3-BF4B-00C04F79EFBC}") = "ConsoleClient", "ConsoleClient\ConsoleClient.csproj", "{C7B02ECB-205E-49DB-BBE2-997723F910F7}"
EndProject
Project("{FAE04EC0-301F-11D3-BF4B-00C04F79EFBC}") = "Models", "Models\Models.csproj", "{DBAD2C9F-6E84-4BFB-8DCA-05F2CA9AF7B7}"
EndProject
Global
	GlobalSection(SolutionConfigurationPlatforms) = preSolution
		Debug|Any CPU = Debug|Any CPU
		Release|Any CPU = Release|Any CPU
	EndGlobalSection
	GlobalSection(ProjectConfigurationPlatforms) = postSolution
		{183ADCEF-3CB4-4AF0-B74F-C4B865465DA6}.Debug|Any CPU.ActiveCfg = Debug|Any CPU
		{183ADCEF-3CB4-4AF0-B74F-C4B865465DA6}.Debug|Any CPU.Build.0 = Debug|Any CPU
		{183ADCEF-3CB4-4AF0-B74F-C4B865465DA6}.Release|Any CPU.ActiveCfg = Release|Any CPU
		{183ADCEF-3CB4-4AF0-B74F-C4B865465DA6}.Release|Any CPU.Build.0 = Release|Any CPU
		{C7B02ECB-205E-49DB-BBE2-997723F910F7}.Debug|Any CPU.ActiveCfg = Debug|Any CPU
		{C7B02ECB-205E-49DB-BBE2-997723F910F7}.Debug|Any CPU.Build.0 = Debug|Any CPU
		{C7B02ECB-205E-49DB-BBE2-997723F910F7}.Release|Any CPU.ActiveCfg = Release|Any CPU
		{C7B02ECB-205E-49DB-BBE2-997723F910F7}.Release|Any CPU.Build.0 = Release|Any CPU
		{DBAD2C9F-6E84-4BFB-8DCA-05F2CA9AF7B7}.Debug|Any CPU.ActiveCfg = Debug|Any CPU
		{DBAD2C9F-6E84-4BFB-8DCA-05F2CA9AF7B7}.Debug|Any CPU.Build.0 = Debug|Any CPU
		{DBAD2C9F-6E84-4BFB-8DCA-05F2CA9AF7B7}.Release|Any CPU.ActiveCfg = Release|Any CPU
		{DBAD2C9F-6E84-4BFB-8DCA-05F2CA9AF7B7}.Release|Any CPU.Build.0 = Release|Any CPU
	EndGlobalSection
	GlobalSection(SolutionProperties) = preSolution
		HideSolutionNode = FALSE
	EndGlobalSection
	GlobalSection(ExtensibilityGlobals) = postSolution
		SolutionGuid = {373F474B-CC99-4981-AC0D-ACD8F4705527}
	EndGlobalSection
EndGlobal
